
Microsoft Visual Studio Solution File, Format Version 12.00
# Visual Studio 15
Project("{FAE04EC0-301F-11D3-BF4B-00C04F79EFBC}") = "Assembly-CSharp", "Assembly-CSharp.csproj", "{396B4BC3-E518-7DE4-C2F7-C855AFCFF56D}"
EndProject
Project("{FAE04EC0-301F-11D3-BF4B-00C04F79EFBC}") = "Assembly-CSharp-Editor", "Assembly-CSharp-Editor.csproj", "{B62F3F08-B82B-B563-2B18-510C4B1802B2}"
EndProject
Global
	GlobalSection(SolutionConfigurationPlatforms) = preSolution
		Debug|Any CPU = Debug|Any CPU
		Release|Any CPU = Release|Any CPU
	EndGlobalSection
	GlobalSection(ProjectConfigurationPlatforms) = postSolution
		{396B4BC3-E518-7DE4-C2F7-C855AFCFF56D}.Debug|Any CPU.ActiveCfg = Debug|Any CPU
		{396B4BC3-E518-7DE4-C2F7-C855AFCFF56D}.Debug|Any CPU.Build.0 = Debug|Any CPU
		{396B4BC3-E518-7DE4-C2F7-C855AFCFF56D}.Release|Any CPU.ActiveCfg = Release|Any CPU
		{396B4BC3-E518-7DE4-C2F7-C855AFCFF56D}.Release|Any CPU.Build.0 = Release|Any CPU
		{B62F3F08-B82B-B563-2B18-510C4B1802B2}.Debug|Any CPU.ActiveCfg = Debug|Any CPU
		{B62F3F08-B82B-B563-2B18-510C4B1802B2}.Debug|Any CPU.Build.0 = Debug|Any CPU
		{B62F3F08-B82B-B563-2B18-510C4B1802B2}.Release|Any CPU.ActiveCfg = Release|Any CPU
		{B62F3F08-B82B-B563-2B18-510C4B1802B2}.Release|Any CPU.Build.0 = Release|Any CPU
	EndGlobalSection
	GlobalSection(SolutionProperties) = preSolution
		HideSolutionNode = FALSE
	EndGlobalSection
EndGlobal
